
Microsoft Visual Studio Solution File, Format Version 12.00
# Visual Studio Version 17
VisualStudioVersion = 17.0.31903.59
MinimumVisualStudioVersion = 10.0.40219.1
Project("{2150E333-8FDC-42A3-9474-1A3956D46DE8}") = "src", "src", "{827E0CD3-B72D-47B6-A68D-7590B98EB39B}"
EndProject
Project("{FAE04EC0-301F-11D3-BF4B-00C04F79EFBC}") = "Linkset", "src\Linkset\Linkset.csproj", "{91203215-3309-480F-9327-BCD91CD7D2CB}"
EndProject
Project("{2150E333-8FDC-42A3-9474-1A3956D46DE8}") = "tests", "tests", "{0AB3BF05-4346-4AA6-1389-037BE0695223}"
EndProject
Project("{FAE04EC0-301F-11D3-BF4B-00C04F79EFBC}") = "Linkset.Tests", "tests\Linkset.Tests\Linkset.Tests.csproj", "{6BED9FB1-583B-42F2-940C-F254A396B680}"
EndProject
Global
	GlobalSection(SolutionConfigurationPlatforms) = preSolution
		Debug|Any CPU = Debug|Any CPU
		Debug|x64 = Debug|x64
		Debug|x86 = Debug|x86
		Release|Any CPU = Release|Any CPU
		Release|x64 = Release|x64
		Release|x86 = Release|x86
	EndGlobalSection
	GlobalSection(ProjectConfigurationPlatforms) = postSolution
		{91203215-3309-480F-9327-BCD91CD7D2CB}.Debug|Any CPU.ActiveCfg = Debug|Any CPU
		{91203215-3309-480F-9327-BCD91CD7D2CB}.Debug|Any CPU.Build.0 = Debug|Any CPU
		{91203215-3309-480F-9327-BCD91CD7D2CB}.Debug|x64.ActiveCfg = Debug|Any CPU
		{91203215-3309-480F-9327-BCD91CD7D2CB}.Debug|x64.Build.0 = Debug|Any CPU
		{91203215-3309-480F-9327-BCD91CD7D2CB}.Debug|x86.ActiveCfg = Debug|Any CPU
		{91203215-3309-480F-9327-BCD91CD7D2CB}.Debug|x86.Build.0 = Debug|Any CPU
		{91203215-3309-480F-9327-BCD91CD7D2CB}.Release|Any CPU.ActiveCfg = Release|Any CPU
		{91203215-3309-480F-9327-BCD91CD7D2CB}.Release|Any CPU.Build.0 = Release|Any CPU
		{91203215-3309-480F-9327-BCD91CD7D2CB}.Release|x64.ActiveCfg = Release|Any CPU
		{91203215-3309-480F-9327-BCD91CD7D2CB}.Release|x64.Build.0 = Release|Any CPU
		{91203215-3309-480F-9327-BCD91CD7D2CB}.Release|x86.ActiveCfg = Release|Any CPU
		{91203215-3309-480F-9327-BCD91CD7D2CB}.Release|x86.Build.0 = Release|Any CPU
		{6BED9FB1-583B-42F2-940C-F254A396B680}.Debug|Any CPU.ActiveCfg = Debug|Any CPU
		{6BED9FB1-583B-42F2-940C-F254A396B680}.Debug|Any CPU.Build.0 = Debug|Any CPU
		{6BED9FB1-583B-42F2-940C-F254A396B680}.Debug|x64.ActiveCfg = Debug|Any CPU
		{6BED9FB1-583B-42F2-940C-F254A396B680}.Debug|x64.Build.0 = Debug|Any CPU
		{6BED9FB1-583B-42F2-940C-F254A396B680}.Debug|x86.ActiveCfg = Debug|Any CPU
		{6BED9FB1-583B-42F2-940C-F254A396B680}.Debug|x86.Build.0 = Debug|Any CPU
		{6BED9FB1-583B-42F2-940C-F254A396B680}.Release|Any CPU.ActiveCfg = Release|Any CPU
		{6BED9FB1-583B-42F2-940C-F254A396B680}.Release|Any CPU.Build.0 = Release|Any CPU
		{6BED9FB1-583B-42F2-940C-F254A396B680}.Release|x64.ActiveCfg = Release|Any CPU
		{6BED9FB1-583B-42F2-940C-F254A396B680}.Release|x64.Build.0 = Release|Any CPU
		{6BED9FB1-583B-42F2-940C-F254A396B680}.Release|x86.ActiveCfg = Release|Any CPU
		{6BED9FB1-583B-42F2-940C-F254A396B680}.Release|x86.Build.0 = Release|Any CPU
	EndGlobalSection
	GlobalSection(SolutionProperties) = preSolution
		HideSolutionNode = FALSE
	EndGlobalSection
	GlobalSection(NestedProjects) = preSolution
		{91203215-3309-480F-9327-BCD91CD7D2CB} = {827E0CD3-B72D-47B6-A68D-7590B98EB39B}
		{6BED9FB1-583B-42F2-940C-F254A396B680} = {0AB3BF05-4346-4AA6-1389-037BE0695223}
	EndGlobalSection
EndGlobal
